
Microsoft Visual Studio Solution File, Format Version 12.00
# Visual Studio Version 17
VisualStudioVersion = 17.11.35303.130
MinimumVisualStudioVersion = 10.0.40219.1
Project("{FAE04EC0-301F-11D3-BF4B-00C04F79EFBC}") = "MaquinaCafe.Tests.", "..\MaquinaCafe.Tests\MaquinaCafe.Tests\MaquinaCafe.Tests..csproj", "{F1039A29-3E21-4B48-8111-E837E20B2194}"
EndProject
Project("{FAE04EC0-301F-11D3-BF4B-00C04F79EFBC}") = "MaquinaCafe", "..\MaquinaCafe.Tests\MaquinaCafe\MaquinaCafe.csproj", "{68AE6999-F440-48C9-A1E6-905090380B8C}"
EndProject
Global
	GlobalSection(SolutionConfigurationPlatforms) = preSolution
		Debug|Any CPU = Debug|Any CPU
		Release|Any CPU = Release|Any CPU
	EndGlobalSection
	GlobalSection(ProjectConfigurationPlatforms) = postSolution
		{F1039A29-3E21-4B48-8111-E837E20B2194}.Debug|Any CPU.ActiveCfg = Debug|Any CPU
		{F1039A29-3E21-4B48-8111-E837E20B2194}.Debug|Any CPU.Build.0 = Debug|Any CPU
		{F1039A29-3E21-4B48-8111-E837E20B2194}.Release|Any CPU.ActiveCfg = Release|Any CPU
		{F1039A29-3E21-4B48-8111-E837E20B2194}.Release|Any CPU.Build.0 = Release|Any CPU
		{68AE6999-F440-48C9-A1E6-905090380B8C}.Debug|Any CPU.ActiveCfg = Debug|Any CPU
		{68AE6999-F440-48C9-A1E6-905090380B8C}.Debug|Any CPU.Build.0 = Debug|Any CPU
		{68AE6999-F440-48C9-A1E6-905090380B8C}.Release|Any CPU.ActiveCfg = Release|Any CPU
		{68AE6999-F440-48C9-A1E6-905090380B8C}.Release|Any CPU.Build.0 = Release|Any CPU
	EndGlobalSection
	GlobalSection(SolutionProperties) = preSolution
		HideSolutionNode = FALSE
	EndGlobalSection
	GlobalSection(ExtensibilityGlobals) = postSolution
		SolutionGuid = {1B286B44-404B-4614-9400-148EB23D2821}
	EndGlobalSection
EndGlobal
